// !$*UTF8*$!
{
	archiveVersion = 1;
	classes = {
	};
	objectVersion = 46;
	objects = {

/* Begin PBXBuildFile section */
		0A874FCC1D4C4F080001EE53 /* AppDelegate.swift in Sources */ = {isa = PBXBuildFile; fileRef = 0A874FCB1D4C4F080001EE53 /* AppDelegate.swift */; };
		0A874FCE1D4C4F080001EE53 /* ViewController.swift in Sources */ = {isa = PBXBuildFile; fileRef = 0A874FCD1D4C4F080001EE53 /* ViewController.swift */; };
		0A874FD11D4C4F080001EE53 /* Main.storyboard in Resources */ = {isa = PBXBuildFile; fileRef = 0A874FCF1D4C4F080001EE53 /* Main.storyboard */; };
		0A874FD31D4C4F080001EE53 /* Assets.xcassets in Resources */ = {isa = PBXBuildFile; fileRef = 0A874FD21D4C4F080001EE53 /* Assets.xcassets */; };
		0A874FD61D4C4F080001EE53 /* LaunchScreen.storyboard in Resources */ = {isa = PBXBuildFile; fileRef = 0A874FD41D4C4F080001EE53 /* LaunchScreen.storyboard */; };
		0A874FE41D4C56E20001EE53 /* BaseViewController.swift in Sources */ = {isa = PBXBuildFile; fileRef = 0A874FE31D4C56E20001EE53 /* BaseViewController.swift */; };
		0A874FE61D4C56FF0001EE53 /* LoginViewController.swift in Sources */ = {isa = PBXBuildFile; fileRef = 0A874FE51D4C56FF0001EE53 /* LoginViewController.swift */; };
		0A874FF31D4C5BB90001EE53 /* AccountKit.framework in Frameworks */ = {isa = PBXBuildFile; fileRef = 0A874FE91D4C5BB90001EE53 /* AccountKit.framework */; };
		0A874FF41D4C5BB90001EE53 /* AccountKitStrings.bundle in Resources */ = {isa = PBXBuildFile; fileRef = 0A874FEA1D4C5BB90001EE53 /* AccountKitStrings.bundle */; };
		0A874FF51D4C5BB90001EE53 /* Bolts.framework in Frameworks */ = {isa = PBXBuildFile; fileRef = 0A874FEB1D4C5BB90001EE53 /* Bolts.framework */; };
		0A874FF61D4C5BB90001EE53 /* FacebookSDKStrings.bundle in Resources */ = {isa = PBXBuildFile; fileRef = 0A874FEC1D4C5BB90001EE53 /* FacebookSDKStrings.bundle */; };
		0A874FF71D4C5BB90001EE53 /* FBAudienceNetwork.framework in Frameworks */ = {isa = PBXBuildFile; fileRef = 0A874FED1D4C5BB90001EE53 /* FBAudienceNetwork.framework */; };
		0A874FF81D4C5BB90001EE53 /* FBNotifications.framework in Frameworks */ = {isa = PBXBuildFile; fileRef = 0A874FEE1D4C5BB90001EE53 /* FBNotifications.framework */; };
		0A874FF91D4C5BB90001EE53 /* FBSDKCoreKit.framework in Frameworks */ = {isa = PBXBuildFile; fileRef = 0A874FEF1D4C5BB90001EE53 /* FBSDKCoreKit.framework */; };
		0A874FFA1D4C5BB90001EE53 /* FBSDKLoginKit.framework in Frameworks */ = {isa = PBXBuildFile; fileRef = 0A874FF01D4C5BB90001EE53 /* FBSDKLoginKit.framework */; };
		0A874FFB1D4C5BB90001EE53 /* FBSDKMessengerShareKit.framework in Frameworks */ = {isa = PBXBuildFile; fileRef = 0A874FF11D4C5BB90001EE53 /* FBSDKMessengerShareKit.framework */; };
		0A874FFC1D4C5BB90001EE53 /* FBSDKShareKit.framework in Frameworks */ = {isa = PBXBuildFile; fileRef = 0A874FF21D4C5BB90001EE53 /* FBSDKShareKit.framework */; };
		0A874FFE1D4C5DC10001EE53 /* MainTabBarViewController.swift in Sources */ = {isa = PBXBuildFile; fileRef = 0A874FFD1D4C5DC10001EE53 /* MainTabBarViewController.swift */; };
		0A8750011D4C5EB00001EE53 /* DataManager.swift in Sources */ = {isa = PBXBuildFile; fileRef = 0A8750001D4C5EB00001EE53 /* DataManager.swift */; };
		0A8750031D4C5ECF0001EE53 /* APIClient.swift in Sources */ = {isa = PBXBuildFile; fileRef = 0A8750021D4C5ECE0001EE53 /* APIClient.swift */; };
		0A8750051D4C62990001EE53 /* PickingSkillViewController.swift in Sources */ = {isa = PBXBuildFile; fileRef = 0A8750041D4C62990001EE53 /* PickingSkillViewController.swift */; };
		0A8941411D4C6B9F00B8E9B2 /* FindViewViewController.swift in Sources */ = {isa = PBXBuildFile; fileRef = 0A8941401D4C6B9F00B8E9B2 /* FindViewViewController.swift */; };
		0A8941431D4C6BA800B8E9B2 /* NearByViewController.swift in Sources */ = {isa = PBXBuildFile; fileRef = 0A8941421D4C6BA800B8E9B2 /* NearByViewController.swift */; };
		0A8941451D4C6D3E00B8E9B2 /* MapKit.framework in Frameworks */ = {isa = PBXBuildFile; fileRef = 0A8941441D4C6D3E00B8E9B2 /* MapKit.framework */; };
		0A8941471D4C6DDE00B8E9B2 /* FindTabBarViewController.swift in Sources */ = {isa = PBXBuildFile; fileRef = 0A8941461D4C6DDE00B8E9B2 /* FindTabBarViewController.swift */; };
		0A8941491D4C770300B8E9B2 /* DetailViewController.swift in Sources */ = {isa = PBXBuildFile; fileRef = 0A8941481D4C770300B8E9B2 /* DetailViewController.swift */; };
		0A89414B1D4C7DB800B8E9B2 /* AuthorTableViewCell.swift in Sources */ = {isa = PBXBuildFile; fileRef = 0A89414A1D4C7DB800B8E9B2 /* AuthorTableViewCell.swift */; };
		0A89414D1D4C7F8000B8E9B2 /* DescriptionTableViewCell.swift in Sources */ = {isa = PBXBuildFile; fileRef = 0A89414C1D4C7F8000B8E9B2 /* DescriptionTableViewCell.swift */; };
		0A89414F1D4C800300B8E9B2 /* RatingTableViewCell.swift in Sources */ = {isa = PBXBuildFile; fileRef = 0A89414E1D4C800300B8E9B2 /* RatingTableViewCell.swift */; };
		0A8941511D4C80E100B8E9B2 /* FloatRatingView.swift in Sources */ = {isa = PBXBuildFile; fileRef = 0A8941501D4C80E100B8E9B2 /* FloatRatingView.swift */; };
		0A8941531D4C822900B8E9B2 /* CommentTableViewCell.swift in Sources */ = {isa = PBXBuildFile; fileRef = 0A8941521D4C822900B8E9B2 /* CommentTableViewCell.swift */; };
		0A8941561D4C8A0500B8E9B2 /* ComposerViewController.swift in Sources */ = {isa = PBXBuildFile; fileRef = 0A8941551D4C8A0500B8E9B2 /* ComposerViewController.swift */; };
		0A8941581D4C8B4400B8E9B2 /* DescriptionComposerTableViewCell.swift in Sources */ = {isa = PBXBuildFile; fileRef = 0A8941571D4C8B4400B8E9B2 /* DescriptionComposerTableViewCell.swift */; };
		0A89415A1D4CA2DA00B8E9B2 /* CoreLocation.framework in Frameworks */ = {isa = PBXBuildFile; fileRef = 0A8941591D4CA2DA00B8E9B2 /* CoreLocation.framework */; };
		0A89415C1D4CAECA00B8E9B2 /* Common.swift in Sources */ = {isa = PBXBuildFile; fileRef = 0A89415B1D4CAECA00B8E9B2 /* Common.swift */; };
		0A89415E1D4CB5C400B8E9B2 /* UpAnnotation.swift in Sources */ = {isa = PBXBuildFile; fileRef = 0A89415D1D4CB5C400B8E9B2 /* UpAnnotation.swift */; };
		0A8941611D4CDCDA00B8E9B2 /* MeViewController.swift in Sources */ = {isa = PBXBuildFile; fileRef = 0A8941601D4CDCDA00B8E9B2 /* MeViewController.swift */; };
		0A8941631D4CDE6800B8E9B2 /* CourseViewController.swift in Sources */ = {isa = PBXBuildFile; fileRef = 0A8941621D4CDE6800B8E9B2 /* CourseViewController.swift */; };
		0A8941651D4CDE7300B8E9B2 /* ProfileViewController.swift in Sources */ = {isa = PBXBuildFile; fileRef = 0A8941641D4CDE7300B8E9B2 /* ProfileViewController.swift */; };
		0A8941671D4CE40D00B8E9B2 /* ProfileImageTableViewCell.swift in Sources */ = {isa = PBXBuildFile; fileRef = 0A8941661D4CE40D00B8E9B2 /* ProfileImageTableViewCell.swift */; };
		79DE5E8D1E5B7D2E97746728 /* Pods_fbhackathon.framework in Frameworks */ = {isa = PBXBuildFile; fileRef = 4BBE84DC2A4D58D1DD8A359D /* Pods_fbhackathon.framework */; };
/* End PBXBuildFile section */

/* Begin PBXFileReference section */
		0A874FC81D4C4F080001EE53 /* fbhackathon.app */ = {isa = PBXFileReference; explicitFileType = wrapper.application; includeInIndex = 0; path = fbhackathon.app; sourceTree = BUILT_PRODUCTS_DIR; };
		0A874FCB1D4C4F080001EE53 /* AppDelegate.swift */ = {isa = PBXFileReference; lastKnownFileType = sourcecode.swift; path = AppDelegate.swift; sourceTree = "<group>"; };
		0A874FCD1D4C4F080001EE53 /* ViewController.swift */ = {isa = PBXFileReference; lastKnownFileType = sourcecode.swift; path = ViewController.swift; sourceTree = "<group>"; };
		0A874FD01D4C4F080001EE53 /* Base */ = {isa = PBXFileReference; lastKnownFileType = file.storyboard; name = Base; path = Base.lproj/Main.storyboard; sourceTree = "<group>"; };
		0A874FD21D4C4F080001EE53 /* Assets.xcassets */ = {isa = PBXFileReference; lastKnownFileType = folder.assetcatalog; path = Assets.xcassets; sourceTree = "<group>"; };
		0A874FD51D4C4F080001EE53 /* Base */ = {isa = PBXFileReference; lastKnownFileType = file.storyboard; name = Base; path = Base.lproj/LaunchScreen.storyboard; sourceTree = "<group>"; };
		0A874FD71D4C4F080001EE53 /* Info.plist */ = {isa = PBXFileReference; lastKnownFileType = text.plist.xml; path = Info.plist; sourceTree = "<group>"; };
		0A874FE31D4C56E20001EE53 /* BaseViewController.swift */ = {isa = PBXFileReference; fileEncoding = 4; lastKnownFileType = sourcecode.swift; path = BaseViewController.swift; sourceTree = "<group>"; };
		0A874FE51D4C56FF0001EE53 /* LoginViewController.swift */ = {isa = PBXFileReference; fileEncoding = 4; lastKnownFileType = sourcecode.swift; path = LoginViewController.swift; sourceTree = "<group>"; };
		0A874FE71D4C5B720001EE53 /* Butterflyhub-Bridging-Header.h */ = {isa = PBXFileReference; fileEncoding = 4; lastKnownFileType = sourcecode.c.h; path = "Butterflyhub-Bridging-Header.h"; sourceTree = "<group>"; };
		0A874FE91D4C5BB90001EE53 /* AccountKit.framework */ = {isa = PBXFileReference; lastKnownFileType = wrapper.framework; path = AccountKit.framework; sourceTree = "<group>"; };
		0A874FEA1D4C5BB90001EE53 /* AccountKitStrings.bundle */ = {isa = PBXFileReference; lastKnownFileType = "wrapper.plug-in"; path = AccountKitStrings.bundle; sourceTree = "<group>"; };
		0A874FEB1D4C5BB90001EE53 /* Bolts.framework */ = {isa = PBXFileReference; lastKnownFileType = wrapper.framework; path = Bolts.framework; sourceTree = "<group>"; };
		0A874FEC1D4C5BB90001EE53 /* FacebookSDKStrings.bundle */ = {isa = PBXFileReference; lastKnownFileType = "wrapper.plug-in"; path = FacebookSDKStrings.bundle; sourceTree = "<group>"; };
		0A874FED1D4C5BB90001EE53 /* FBAudienceNetwork.framework */ = {isa = PBXFileReference; lastKnownFileType = wrapper.framework; path = FBAudienceNetwork.framework; sourceTree = "<group>"; };
		0A874FEE1D4C5BB90001EE53 /* FBNotifications.framework */ = {isa = PBXFileReference; lastKnownFileType = wrapper.framework; path = FBNotifications.framework; sourceTree = "<group>"; };
		0A874FEF1D4C5BB90001EE53 /* FBSDKCoreKit.framework */ = {isa = PBXFileReference; lastKnownFileType = wrapper.framework; path = FBSDKCoreKit.framework; sourceTree = "<group>"; };
		0A874FF01D4C5BB90001EE53 /* FBSDKLoginKit.framework */ = {isa = PBXFileReference; lastKnownFileType = wrapper.framework; path = FBSDKLoginKit.framework; sourceTree = "<group>"; };
		0A874FF11D4C5BB90001EE53 /* FBSDKMessengerShareKit.framework */ = {isa = PBXFileReference; lastKnownFileType = wrapper.framework; path = FBSDKMessengerShareKit.framework; sourceTree = "<group>"; };
		0A874FF21D4C5BB90001EE53 /* FBSDKShareKit.framework */ = {isa = PBXFileReference; lastKnownFileType = wrapper.framework; path = FBSDKShareKit.framework; sourceTree = "<group>"; };
		0A874FFD1D4C5DC10001EE53 /* MainTabBarViewController.swift */ = {isa = PBXFileReference; fileEncoding = 4; lastKnownFileType = sourcecode.swift; path = MainTabBarViewController.swift; sourceTree = "<group>"; };
		0A8750001D4C5EB00001EE53 /* DataManager.swift */ = {isa = PBXFileReference; fileEncoding = 4; lastKnownFileType = sourcecode.swift; path = DataManager.swift; sourceTree = "<group>"; };
		0A8750021D4C5ECE0001EE53 /* APIClient.swift */ = {isa = PBXFileReference; fileEncoding = 4; lastKnownFileType = sourcecode.swift; path = APIClient.swift; sourceTree = "<group>"; };
		0A8750041D4C62990001EE53 /* PickingSkillViewController.swift */ = {isa = PBXFileReference; fileEncoding = 4; lastKnownFileType = sourcecode.swift; path = PickingSkillViewController.swift; sourceTree = "<group>"; };
		0A8941401D4C6B9F00B8E9B2 /* FindViewViewController.swift */ = {isa = PBXFileReference; fileEncoding = 4; lastKnownFileType = sourcecode.swift; path = FindViewViewController.swift; sourceTree = "<group>"; };
		0A8941421D4C6BA800B8E9B2 /* NearByViewController.swift */ = {isa = PBXFileReference; fileEncoding = 4; lastKnownFileType = sourcecode.swift; path = NearByViewController.swift; sourceTree = "<group>"; };
		0A8941441D4C6D3E00B8E9B2 /* MapKit.framework */ = {isa = PBXFileReference; lastKnownFileType = wrapper.framework; name = MapKit.framework; path = System/Library/Frameworks/MapKit.framework; sourceTree = SDKROOT; };
		0A8941461D4C6DDE00B8E9B2 /* FindTabBarViewController.swift */ = {isa = PBXFileReference; fileEncoding = 4; lastKnownFileType = sourcecode.swift; path = FindTabBarViewController.swift; sourceTree = "<group>"; };
		0A8941481D4C770300B8E9B2 /* DetailViewController.swift */ = {isa = PBXFileReference; fileEncoding = 4; lastKnownFileType = sourcecode.swift; path = DetailViewController.swift; sourceTree = "<group>"; };
		0A89414A1D4C7DB800B8E9B2 /* AuthorTableViewCell.swift */ = {isa = PBXFileReference; fileEncoding = 4; lastKnownFileType = sourcecode.swift; path = AuthorTableViewCell.swift; sourceTree = "<group>"; };
		0A89414C1D4C7F8000B8E9B2 /* DescriptionTableViewCell.swift */ = {isa = PBXFileReference; fileEncoding = 4; lastKnownFileType = sourcecode.swift; path = DescriptionTableViewCell.swift; sourceTree = "<group>"; };
		0A89414E1D4C800300B8E9B2 /* RatingTableViewCell.swift */ = {isa = PBXFileReference; fileEncoding = 4; lastKnownFileType = sourcecode.swift; path = RatingTableViewCell.swift; sourceTree = "<group>"; };
		0A8941501D4C80E100B8E9B2 /* FloatRatingView.swift */ = {isa = PBXFileReference; fileEncoding = 4; lastKnownFileType = sourcecode.swift; path = FloatRatingView.swift; sourceTree = "<group>"; };
		0A8941521D4C822900B8E9B2 /* CommentTableViewCell.swift */ = {isa = PBXFileReference; fileEncoding = 4; lastKnownFileType = sourcecode.swift; path = CommentTableViewCell.swift; sourceTree = "<group>"; };
		0A8941551D4C8A0500B8E9B2 /* ComposerViewController.swift */ = {isa = PBXFileReference; fileEncoding = 4; lastKnownFileType = sourcecode.swift; path = ComposerViewController.swift; sourceTree = "<group>"; };
		0A8941571D4C8B4400B8E9B2 /* DescriptionComposerTableViewCell.swift */ = {isa = PBXFileReference; fileEncoding = 4; lastKnownFileType = sourcecode.swift; path = DescriptionComposerTableViewCell.swift; sourceTree = "<group>"; };
		0A8941591D4CA2DA00B8E9B2 /* CoreLocation.framework */ = {isa = PBXFileReference; lastKnownFileType = wrapper.framework; name = CoreLocation.framework; path = System/Library/Frameworks/CoreLocation.framework; sourceTree = SDKROOT; };
		0A89415B1D4CAECA00B8E9B2 /* Common.swift */ = {isa = PBXFileReference; fileEncoding = 4; lastKnownFileType = sourcecode.swift; path = Common.swift; sourceTree = "<group>"; };
		0A89415D1D4CB5C400B8E9B2 /* UpAnnotation.swift */ = {isa = PBXFileReference; fileEncoding = 4; lastKnownFileType = sourcecode.swift; path = UpAnnotation.swift; sourceTree = "<group>"; };
		0A8941601D4CDCDA00B8E9B2 /* MeViewController.swift */ = {isa = PBXFileReference; fileEncoding = 4; lastKnownFileType = sourcecode.swift; path = MeViewController.swift; sourceTree = "<group>"; };
		0A8941621D4CDE6800B8E9B2 /* CourseViewController.swift */ = {isa = PBXFileReference; fileEncoding = 4; lastKnownFileType = sourcecode.swift; path = CourseViewController.swift; sourceTree = "<group>"; };
		0A8941641D4CDE7300B8E9B2 /* ProfileViewController.swift */ = {isa = PBXFileReference; fileEncoding = 4; lastKnownFileType = sourcecode.swift; path = ProfileViewController.swift; sourceTree = "<group>"; };
		0A8941661D4CE40D00B8E9B2 /* ProfileImageTableViewCell.swift */ = {isa = PBXFileReference; fileEncoding = 4; lastKnownFileType = sourcecode.swift; path = ProfileImageTableViewCell.swift; sourceTree = "<group>"; };
		26AB6D150D28414F70983D78 /* Pods-fbhackathon.debug.xcconfig */ = {isa = PBXFileReference; includeInIndex = 1; lastKnownFileType = text.xcconfig; name = "Pods-fbhackathon.debug.xcconfig"; path = "Pods/Target Support Files/Pods-fbhackathon/Pods-fbhackathon.debug.xcconfig"; sourceTree = "<group>"; };
		4BBE84DC2A4D58D1DD8A359D /* Pods_fbhackathon.framework */ = {isa = PBXFileReference; explicitFileType = wrapper.framework; includeInIndex = 0; path = Pods_fbhackathon.framework; sourceTree = BUILT_PRODUCTS_DIR; };
		F971C3526732AA903C2577AF /* Pods-fbhackathon.release.xcconfig */ = {isa = PBXFileReference; includeInIndex = 1; lastKnownFileType = text.xcconfig; name = "Pods-fbhackathon.release.xcconfig"; path = "Pods/Target Support Files/Pods-fbhackathon/Pods-fbhackathon.release.xcconfig"; sourceTree = "<group>"; };
/* End PBXFileReference section */

/* Begin PBXFrameworksBuildPhase section */
		0A874FC51D4C4F080001EE53 /* Frameworks */ = {
			isa = PBXFrameworksBuildPhase;
			buildActionMask = 2147483647;
			files = (
				0A89415A1D4CA2DA00B8E9B2 /* CoreLocation.framework in Frameworks */,
				0A8941451D4C6D3E00B8E9B2 /* MapKit.framework in Frameworks */,
				0A874FF51D4C5BB90001EE53 /* Bolts.framework in Frameworks */,
				0A874FF91D4C5BB90001EE53 /* FBSDKCoreKit.framework in Frameworks */,
				79DE5E8D1E5B7D2E97746728 /* Pods_fbhackathon.framework in Frameworks */,
				0A874FF31D4C5BB90001EE53 /* AccountKit.framework in Frameworks */,
				0A874FFB1D4C5BB90001EE53 /* FBSDKMessengerShareKit.framework in Frameworks */,
				0A874FFC1D4C5BB90001EE53 /* FBSDKShareKit.framework in Frameworks */,
				0A874FFA1D4C5BB90001EE53 /* FBSDKLoginKit.framework in Frameworks */,
				0A874FF71D4C5BB90001EE53 /* FBAudienceNetwork.framework in Frameworks */,
				0A874FF81D4C5BB90001EE53 /* FBNotifications.framework in Frameworks */,
			);
			runOnlyForDeploymentPostprocessing = 0;
		};
/* End PBXFrameworksBuildPhase section */

/* Begin PBXGroup section */
		0A874FBF1D4C4F080001EE53 = {
			isa = PBXGroup;
			children = (
				0A874FCA1D4C4F080001EE53 /* fbhackathon */,
				0A874FC91D4C4F080001EE53 /* Products */,
				482A90FD41F4813776430854 /* Pods */,
				7B611A3AA347B261FC15F64F /* Frameworks */,
			);
			sourceTree = "<group>";
		};
		0A874FC91D4C4F080001EE53 /* Products */ = {
			isa = PBXGroup;
			children = (
				0A874FC81D4C4F080001EE53 /* fbhackathon.app */,
			);
			name = Products;
			sourceTree = "<group>";
		};
		0A874FCA1D4C4F080001EE53 /* fbhackathon */ = {
			isa = PBXGroup;
			children = (
				0A874FE81D4C5BA90001EE53 /* Libs */,
				0A874FFF1D4C5E9D0001EE53 /* Data */,
				0A874FDD1D4C563D0001EE53 /* Networking */,
				0A874FDE1D4C563D0001EE53 /* ViewControllers */,
				0A874FCB1D4C4F080001EE53 /* AppDelegate.swift */,
				0A874FCD1D4C4F080001EE53 /* ViewController.swift */,
				0A874FCF1D4C4F080001EE53 /* Main.storyboard */,
				0A874FD21D4C4F080001EE53 /* Assets.xcassets */,
				0A874FE71D4C5B720001EE53 /* Butterflyhub-Bridging-Header.h */,
				0A874FD41D4C4F080001EE53 /* LaunchScreen.storyboard */,
				0A874FD71D4C4F080001EE53 /* Info.plist */,
			);
			path = fbhackathon;
			sourceTree = "<group>";
		};
		0A874FDD1D4C563D0001EE53 /* Networking */ = {
			isa = PBXGroup;
			children = (
				0A8750021D4C5ECE0001EE53 /* APIClient.swift */,
			);
			path = Networking;
			sourceTree = "<group>";
		};
		0A874FDE1D4C563D0001EE53 /* ViewControllers */ = {
			isa = PBXGroup;
			children = (
				0A89415F1D4CDCCD00B8E9B2 /* Me */,
				0A8941541D4C89F700B8E9B2 /* Composer */,
				0A89413F1D4C6B9500B8E9B2 /* Find */,
				0A874FDF1D4C566E0001EE53 /* Base */,
				0A874FE01D4C566E0001EE53 /* Detail */,
				0A874FE11D4C566E0001EE53 /* Login */,
				0A874FE21D4C566E0001EE53 /* TabBar */,
			);
			path = ViewControllers;
			sourceTree = "<group>";
		};
		0A874FDF1D4C566E0001EE53 /* Base */ = {
			isa = PBXGroup;
			children = (
				0A874FE31D4C56E20001EE53 /* BaseViewController.swift */,
			);
			path = Base;
			sourceTree = "<group>";
		};
		0A874FE01D4C566E0001EE53 /* Detail */ = {
			isa = PBXGroup;
			children = (
				0A8941481D4C770300B8E9B2 /* DetailViewController.swift */,
				0A89414A1D4C7DB800B8E9B2 /* AuthorTableViewCell.swift */,
				0A89414C1D4C7F8000B8E9B2 /* DescriptionTableViewCell.swift */,
				0A89414E1D4C800300B8E9B2 /* RatingTableViewCell.swift */,
				0A8941521D4C822900B8E9B2 /* CommentTableViewCell.swift */,
			);
			path = Detail;
			sourceTree = "<group>";
		};
		0A874FE11D4C566E0001EE53 /* Login */ = {
			isa = PBXGroup;
			children = (
				0A874FE51D4C56FF0001EE53 /* LoginViewController.swift */,
				0A8750041D4C62990001EE53 /* PickingSkillViewController.swift */,
			);
			path = Login;
			sourceTree = "<group>";
		};
		0A874FE21D4C566E0001EE53 /* TabBar */ = {
			isa = PBXGroup;
			children = (
				0A874FFD1D4C5DC10001EE53 /* MainTabBarViewController.swift */,
			);
			path = TabBar;
			sourceTree = "<group>";
		};
		0A874FE81D4C5BA90001EE53 /* Libs */ = {
			isa = PBXGroup;
			children = (
				0A8941501D4C80E100B8E9B2 /* FloatRatingView.swift */,
				0A874FE91D4C5BB90001EE53 /* AccountKit.framework */,
				0A874FEA1D4C5BB90001EE53 /* AccountKitStrings.bundle */,
				0A874FEB1D4C5BB90001EE53 /* Bolts.framework */,
				0A874FEC1D4C5BB90001EE53 /* FacebookSDKStrings.bundle */,
				0A874FED1D4C5BB90001EE53 /* FBAudienceNetwork.framework */,
				0A874FEE1D4C5BB90001EE53 /* FBNotifications.framework */,
				0A874FEF1D4C5BB90001EE53 /* FBSDKCoreKit.framework */,
				0A874FF01D4C5BB90001EE53 /* FBSDKLoginKit.framework */,
				0A874FF11D4C5BB90001EE53 /* FBSDKMessengerShareKit.framework */,
				0A874FF21D4C5BB90001EE53 /* FBSDKShareKit.framework */,
				0A89415B1D4CAECA00B8E9B2 /* Common.swift */,
			);
			path = Libs;
			sourceTree = "<group>";
		};
		0A874FFF1D4C5E9D0001EE53 /* Data */ = {
			isa = PBXGroup;
			children = (
				0A8750001D4C5EB00001EE53 /* DataManager.swift */,
			);
			path = Data;
			sourceTree = "<group>";
		};
		0A89413F1D4C6B9500B8E9B2 /* Find */ = {
			isa = PBXGroup;
			children = (
				0A8941401D4C6B9F00B8E9B2 /* FindViewViewController.swift */,
				0A8941421D4C6BA800B8E9B2 /* NearByViewController.swift */,
				0A8941461D4C6DDE00B8E9B2 /* FindTabBarViewController.swift */,
				0A89415D1D4CB5C400B8E9B2 /* UpAnnotation.swift */,
			);
			path = Find;
			sourceTree = "<group>";
		};
		0A8941541D4C89F700B8E9B2 /* Composer */ = {
			isa = PBXGroup;
			children = (
				0A8941551D4C8A0500B8E9B2 /* ComposerViewController.swift */,
				0A8941571D4C8B4400B8E9B2 /* DescriptionComposerTableViewCell.swift */,
			);
			path = Composer;
			sourceTree = "<group>";
		};
		0A89415F1D4CDCCD00B8E9B2 /* Me */ = {
			isa = PBXGroup;
			children = (
				0A8941601D4CDCDA00B8E9B2 /* MeViewController.swift */,
				0A8941621D4CDE6800B8E9B2 /* CourseViewController.swift */,
				0A8941641D4CDE7300B8E9B2 /* ProfileViewController.swift */,
				0A8941661D4CE40D00B8E9B2 /* ProfileImageTableViewCell.swift */,
			);
			path = Me;
			sourceTree = "<group>";
		};
		482A90FD41F4813776430854 /* Pods */ = {
			isa = PBXGroup;
			children = (
				26AB6D150D28414F70983D78 /* Pods-fbhackathon.debug.xcconfig */,
				F971C3526732AA903C2577AF /* Pods-fbhackathon.release.xcconfig */,
			);
			name = Pods;
			sourceTree = "<group>";
		};
		7B611A3AA347B261FC15F64F /* Frameworks */ = {
			isa = PBXGroup;
			children = (
				0A8941591D4CA2DA00B8E9B2 /* CoreLocation.framework */,
				0A8941441D4C6D3E00B8E9B2 /* MapKit.framework */,
				4BBE84DC2A4D58D1DD8A359D /* Pods_fbhackathon.framework */,
			);
			name = Frameworks;
			sourceTree = "<group>";
		};
/* End PBXGroup section */

/* Begin PBXNativeTarget section */
		0A874FC71D4C4F080001EE53 /* fbhackathon */ = {
			isa = PBXNativeTarget;
			buildConfigurationList = 0A874FDA1D4C4F080001EE53 /* Build configuration list for PBXNativeTarget "fbhackathon" */;
			buildPhases = (
				DB23419757976785F1FB480C /* 📦 Check Pods Manifest.lock */,
				0A874FC41D4C4F080001EE53 /* Sources */,
				0A874FC51D4C4F080001EE53 /* Frameworks */,
				0A874FC61D4C4F080001EE53 /* Resources */,
				8270015761E2AF31C4BCE675 /* 📦 Embed Pods Frameworks */,
				9973DA755C54F4207FE07493 /* 📦 Copy Pods Resources */,
			);
			buildRules = (
			);
			dependencies = (
			);
			name = fbhackathon;
			productName = fbhackathon;
			productReference = 0A874FC81D4C4F080001EE53 /* fbhackathon.app */;
			productType = "com.apple.product-type.application";
		};
/* End PBXNativeTarget section */

/* Begin PBXProject section */
		0A874FC01D4C4F080001EE53 /* Project object */ = {
			isa = PBXProject;
			attributes = {
				LastSwiftUpdateCheck = 0730;
				LastUpgradeCheck = 0730;
				ORGANIZATIONNAME = 3435;
				TargetAttributes = {
					0A874FC71D4C4F080001EE53 = {
						CreatedOnToolsVersion = 7.3.1;
						DevelopmentTeam = 33KNUNK842;
						SystemCapabilities = {
							com.apple.Push = {
								enabled = 1;
							};
						};
					};
				};
			};
			buildConfigurationList = 0A874FC31D4C4F080001EE53 /* Build configuration list for PBXProject "fbhackathon" */;
			compatibilityVersion = "Xcode 3.2";
			developmentRegion = English;
			hasScannedForEncodings = 0;
			knownRegions = (
				en,
				Base,
			);
			mainGroup = 0A874FBF1D4C4F080001EE53;
			productRefGroup = 0A874FC91D4C4F080001EE53 /* Products */;
			projectDirPath = "";
			projectRoot = "";
			targets = (
				0A874FC71D4C4F080001EE53 /* fbhackathon */,
			);
		};
/* End PBXProject section */

/* Begin PBXResourcesBuildPhase section */
		0A874FC61D4C4F080001EE53 /* Resources */ = {
			isa = PBXResourcesBuildPhase;
			buildActionMask = 2147483647;
			files = (
				0A874FD61D4C4F080001EE53 /* LaunchScreen.storyboard in Resources */,
				0A874FF61D4C5BB90001EE53 /* FacebookSDKStrings.bundle in Resources */,
				0A874FD31D4C4F080001EE53 /* Assets.xcassets in Resources */,
				0A874FD11D4C4F080001EE53 /* Main.storyboard in Resources */,
				0A874FF41D4C5BB90001EE53 /* AccountKitStrings.bundle in Resources */,
			);
			runOnlyForDeploymentPostprocessing = 0;
		};
/* End PBXResourcesBuildPhase section */

/* Begin PBXShellScriptBuildPhase section */
		8270015761E2AF31C4BCE675 /* 📦 Embed Pods Frameworks */ = {
			isa = PBXShellScriptBuildPhase;
			buildActionMask = 2147483647;
			files = (
			);
			inputPaths = (
			);
			name = "📦 Embed Pods Frameworks";
			outputPaths = (
			);
			runOnlyForDeploymentPostprocessing = 0;
			shellPath = /bin/sh;
			shellScript = "\"${SRCROOT}/Pods/Target Support Files/Pods-fbhackathon/Pods-fbhackathon-frameworks.sh\"\n";
			showEnvVarsInLog = 0;
		};
		9973DA755C54F4207FE07493 /* 📦 Copy Pods Resources */ = {
			isa = PBXShellScriptBuildPhase;
			buildActionMask = 2147483647;
			files = (
			);
			inputPaths = (
			);
			name = "📦 Copy Pods Resources";
			outputPaths = (
			);
			runOnlyForDeploymentPostprocessing = 0;
			shellPath = /bin/sh;
			shellScript = "\"${SRCROOT}/Pods/Target Support Files/Pods-fbhackathon/Pods-fbhackathon-resources.sh\"\n";
			showEnvVarsInLog = 0;
		};
		DB23419757976785F1FB480C /* 📦 Check Pods Manifest.lock */ = {
			isa = PBXShellScriptBuildPhase;
			buildActionMask = 2147483647;
			files = (
			);
			inputPaths = (
			);
			name = "📦 Check Pods Manifest.lock";
			outputPaths = (
			);
			runOnlyForDeploymentPostprocessing = 0;
			shellPath = /bin/sh;
			shellScript = "diff \"${PODS_ROOT}/../Podfile.lock\" \"${PODS_ROOT}/Manifest.lock\" > /dev/null\nif [[ $? != 0 ]] ; then\n    cat << EOM\nerror: The sandbox is not in sync with the Podfile.lock. Run 'pod install' or update your CocoaPods installation.\nEOM\n    exit 1\nfi\n";
			showEnvVarsInLog = 0;
		};
/* End PBXShellScriptBuildPhase section */

/* Begin PBXSourcesBuildPhase section */
		0A874FC41D4C4F080001EE53 /* Sources */ = {
			isa = PBXSourcesBuildPhase;
			buildActionMask = 2147483647;
			files = (
				0A874FFE1D4C5DC10001EE53 /* MainTabBarViewController.swift in Sources */,
				0A8750031D4C5ECF0001EE53 /* APIClient.swift in Sources */,
				0A89414F1D4C800300B8E9B2 /* RatingTableViewCell.swift in Sources */,
				0A8750011D4C5EB00001EE53 /* DataManager.swift in Sources */,
				0A8941491D4C770300B8E9B2 /* DetailViewController.swift in Sources */,
				0A874FE61D4C56FF0001EE53 /* LoginViewController.swift in Sources */,
				0A8941651D4CDE7300B8E9B2 /* ProfileViewController.swift in Sources */,
				0A8941531D4C822900B8E9B2 /* CommentTableViewCell.swift in Sources */,
				0A8941581D4C8B4400B8E9B2 /* DescriptionComposerTableViewCell.swift in Sources */,
				0A8941671D4CE40D00B8E9B2 /* ProfileImageTableViewCell.swift in Sources */,
				0A89415C1D4CAECA00B8E9B2 /* Common.swift in Sources */,
				0A89415E1D4CB5C400B8E9B2 /* UpAnnotation.swift in Sources */,
				0A8941511D4C80E100B8E9B2 /* FloatRatingView.swift in Sources */,
				0A8750051D4C62990001EE53 /* PickingSkillViewController.swift in Sources */,
				0A8941611D4CDCDA00B8E9B2 /* MeViewController.swift in Sources */,
				0A874FCE1D4C4F080001EE53 /* ViewController.swift in Sources */,
				0A8941631D4CDE6800B8E9B2 /* CourseViewController.swift in Sources */,
				0A8941411D4C6B9F00B8E9B2 /* FindViewViewController.swift in Sources */,
				0A874FCC1D4C4F080001EE53 /* AppDelegate.swift in Sources */,
				0A8941561D4C8A0500B8E9B2 /* ComposerViewController.swift in Sources */,
				0A874FE41D4C56E20001EE53 /* BaseViewController.swift in Sources */,
				0A89414B1D4C7DB800B8E9B2 /* AuthorTableViewCell.swift in Sources */,
				0A8941431D4C6BA800B8E9B2 /* NearByViewController.swift in Sources */,
				0A89414D1D4C7F8000B8E9B2 /* DescriptionTableViewCell.swift in Sources */,
				0A8941471D4C6DDE00B8E9B2 /* FindTabBarViewController.swift in Sources */,
			);
			runOnlyForDeploymentPostprocessing = 0;
		};
/* End PBXSourcesBuildPhase section */

/* Begin PBXVariantGroup section */
		0A874FCF1D4C4F080001EE53 /* Main.storyboard */ = {
			isa = PBXVariantGroup;
			children = (
				0A874FD01D4C4F080001EE53 /* Base */,
			);
			name = Main.storyboard;
			sourceTree = "<group>";
		};
		0A874FD41D4C4F080001EE53 /* LaunchScreen.storyboard */ = {
			isa = PBXVariantGroup;
			children = (
				0A874FD51D4C4F080001EE53 /* Base */,
			);
			name = LaunchScreen.storyboard;
			sourceTree = "<group>";
		};
/* End PBXVariantGroup section */

/* Begin XCBuildConfiguration section */
		0A874FD81D4C4F080001EE53 /* Debug */ = {
			isa = XCBuildConfiguration;
			buildSettings = {
				ALWAYS_SEARCH_USER_PATHS = NO;
				CLANG_ANALYZER_NONNULL = YES;
				CLANG_CXX_LANGUAGE_STANDARD = "gnu++0x";
				CLANG_CXX_LIBRARY = "libc++";
				CLANG_ENABLE_MODULES = YES;
				CLANG_ENABLE_OBJC_ARC = YES;
				CLANG_WARN_BOOL_CONVERSION = YES;
				CLANG_WARN_CONSTANT_CONVERSION = YES;
				CLANG_WARN_DIRECT_OBJC_ISA_USAGE = YES_ERROR;
				CLANG_WARN_EMPTY_BODY = YES;
				CLANG_WARN_ENUM_CONVERSION = YES;
				CLANG_WARN_INT_CONVERSION = YES;
				CLANG_WARN_OBJC_ROOT_CLASS = YES_ERROR;
				CLANG_WARN_UNREACHABLE_CODE = YES;
				CLANG_WARN__DUPLICATE_METHOD_MATCH = YES;
				"CODE_SIGN_IDENTITY[sdk=iphoneos*]" = "iPhone Developer";
				COPY_PHASE_STRIP = NO;
				DEBUG_INFORMATION_FORMAT = dwarf;
				ENABLE_STRICT_OBJC_MSGSEND = YES;
				ENABLE_TESTABILITY = YES;
				GCC_C_LANGUAGE_STANDARD = gnu99;
				GCC_DYNAMIC_NO_PIC = NO;
				GCC_NO_COMMON_BLOCKS = YES;
				GCC_OPTIMIZATION_LEVEL = 0;
				GCC_PREPROCESSOR_DEFINITIONS = (
					"DEBUG=1",
					"$(inherited)",
				);
				GCC_WARN_64_TO_32_BIT_CONVERSION = YES;
				GCC_WARN_ABOUT_RETURN_TYPE = YES_ERROR;
				GCC_WARN_UNDECLARED_SELECTOR = YES;
				GCC_WARN_UNINITIALIZED_AUTOS = YES_AGGRESSIVE;
				GCC_WARN_UNUSED_FUNCTION = YES;
				GCC_WARN_UNUSED_VARIABLE = YES;
				IPHONEOS_DEPLOYMENT_TARGET = 9.3;
				MTL_ENABLE_DEBUG_INFO = YES;
				ONLY_ACTIVE_ARCH = YES;
				SDKROOT = iphoneos;
				SWIFT_OPTIMIZATION_LEVEL = "-Onone";
			};
			name = Debug;
		};
		0A874FD91D4C4F080001EE53 /* Release */ = {
			isa = XCBuildConfiguration;
			buildSettings = {
				ALWAYS_SEARCH_USER_PATHS = NO;
				CLANG_ANALYZER_NONNULL = YES;
				CLANG_CXX_LANGUAGE_STANDARD = "gnu++0x";
				CLANG_CXX_LIBRARY = "libc++";
				CLANG_ENABLE_MODULES = YES;
				CLANG_ENABLE_OBJC_ARC = YES;
				CLANG_WARN_BOOL_CONVERSION = YES;
				CLANG_WARN_CONSTANT_CONVERSION = YES;
				CLANG_WARN_DIRECT_OBJC_ISA_USAGE = YES_ERROR;
				CLANG_WARN_EMPTY_BODY = YES;
				CLANG_WARN_ENUM_CONVERSION = YES;
				CLANG_WARN_INT_CONVERSION = YES;
				CLANG_WARN_OBJC_ROOT_CLASS = YES_ERROR;
				CLANG_WARN_UNREACHABLE_CODE = YES;
				CLANG_WARN__DUPLICATE_METHOD_MATCH = YES;
				"CODE_SIGN_IDENTITY[sdk=iphoneos*]" = "iPhone Developer";
				COPY_PHASE_STRIP = NO;
				DEBUG_INFORMATION_FORMAT = "dwarf-with-dsym";
				ENABLE_NS_ASSERTIONS = NO;
				ENABLE_STRICT_OBJC_MSGSEND = YES;
				GCC_C_LANGUAGE_STANDARD = gnu99;
				GCC_NO_COMMON_BLOCKS = YES;
				GCC_WARN_64_TO_32_BIT_CONVERSION = YES;
				GCC_WARN_ABOUT_RETURN_TYPE = YES_ERROR;
				GCC_WARN_UNDECLARED_SELECTOR = YES;
				GCC_WARN_UNINITIALIZED_AUTOS = YES_AGGRESSIVE;
				GCC_WARN_UNUSED_FUNCTION = YES;
				GCC_WARN_UNUSED_VARIABLE = YES;
				IPHONEOS_DEPLOYMENT_TARGET = 9.3;
				MTL_ENABLE_DEBUG_INFO = NO;
				SDKROOT = iphoneos;
				VALIDATE_PRODUCT = YES;
			};
			name = Release;
		};
		0A874FDB1D4C4F080001EE53 /* Debug */ = {
			isa = XCBuildConfiguration;
			baseConfigurationReference = 26AB6D150D28414F70983D78 /* Pods-fbhackathon.debug.xcconfig */;
			buildSettings = {
				ASSETCATALOG_COMPILER_APPICON_NAME = AppIcon;
				FRAMEWORK_SEARCH_PATHS = (
					"$(inherited)",
					"$(PROJECT_DIR)/fbhackathon/Libs",
				);
				INFOPLIST_FILE = fbhackathon/Info.plist;
				IPHONEOS_DEPLOYMENT_TARGET = 9.0;
				LD_RUNPATH_SEARCH_PATHS = "$(inherited) @executable_path/Frameworks";
				PRODUCT_BUNDLE_IDENTIFIER = com.nguyenh.fbhackathon;
				PRODUCT_NAME = "$(TARGET_NAME)";
			};
			name = Debug;
		};
		0A874FDC1D4C4F080001EE53 /* Release */ = {
			isa = XCBuildConfiguration;
			baseConfigurationReference = F971C3526732AA903C2577AF /* Pods-fbhackathon.release.xcconfig */;
			buildSettings = {
				ASSETCATALOG_COMPILER_APPICON_NAME = AppIcon;
				FRAMEWORK_SEARCH_PATHS = (
					"$(inherited)",
					"$(PROJECT_DIR)/fbhackathon/Libs",
				);
				INFOPLIST_FILE = fbhackathon/Info.plist;
				IPHONEOS_DEPLOYMENT_TARGET = 9.0;
				LD_RUNPATH_SEARCH_PATHS = "$(inherited) @executable_path/Frameworks";
				PRODUCT_BUNDLE_IDENTIFIER = com.nguyenh.fbhackathon;
				PRODUCT_NAME = "$(TARGET_NAME)";
			};
			name = Release;
		};
/* End XCBuildConfiguration section */

/* Begin XCConfigurationList section */
		0A874FC31D4C4F080001EE53 /* Build configuration list for PBXProject "fbhackathon" */ = {
			isa = XCConfigurationList;
			buildConfigurations = (
				0A874FD81D4C4F080001EE53 /* Debug */,
				0A874FD91D4C4F080001EE53 /* Release */,
			);
			defaultConfigurationIsVisible = 0;
			defaultConfigurationName = Release;
		};
		0A874FDA1D4C4F080001EE53 /* Build configuration list for PBXNativeTarget "fbhackathon" */ = {
			isa = XCConfigurationList;
			buildConfigurations = (
				0A874FDB1D4C4F080001EE53 /* Debug */,
				0A874FDC1D4C4F080001EE53 /* Release */,
			);
			defaultConfigurationIsVisible = 0;
			defaultConfigurationName = Release;
		};
/* End XCConfigurationList section */
	};
	rootObject = 0A874FC01D4C4F080001EE53 /* Project object */;
}
